
Microsoft Visual Studio Solution File, Format Version 12.00
# Visual Studio Version 16
VisualStudioVersion = 16.0.29503.13
MinimumVisualStudioVersion = 10.0.40219.1
Project("{8BC9CEB8-8B4A-11D0-8D11-00A0C91BC942}") = "AOIS8", "AOIS8\AOIS8.vcxproj", "{EAAA0E6B-67B4-44FB-9888-D46534E4DAB2}"
EndProject
Global
	GlobalSection(SolutionConfigurationPlatforms) = preSolution
		Debug|x64 = Debug|x64
		Debug|x86 = Debug|x86
		Release|x64 = Release|x64
		Release|x86 = Release|x86
	EndGlobalSection
	GlobalSection(ProjectConfigurationPlatforms) = postSolution
		{EAAA0E6B-67B4-44FB-9888-D46534E4DAB2}.Debug|x64.ActiveCfg = Debug|x64
		{EAAA0E6B-67B4-44FB-9888-D46534E4DAB2}.Debug|x64.Build.0 = Debug|x64
		{EAAA0E6B-67B4-44FB-9888-D46534E4DAB2}.Debug|x86.ActiveCfg = Debug|Win32
		{EAAA0E6B-67B4-44FB-9888-D46534E4DAB2}.Debug|x86.Build.0 = Debug|Win32
		{EAAA0E6B-67B4-44FB-9888-D46534E4DAB2}.Release|x64.ActiveCfg = Release|x64
		{EAAA0E6B-67B4-44FB-9888-D46534E4DAB2}.Release|x64.Build.0 = Release|x64
		{EAAA0E6B-67B4-44FB-9888-D46534E4DAB2}.Release|x86.ActiveCfg = Release|Win32
		{EAAA0E6B-67B4-44FB-9888-D46534E4DAB2}.Release|x86.Build.0 = Release|Win32
	EndGlobalSection
	GlobalSection(SolutionProperties) = preSolution
		HideSolutionNode = FALSE
	EndGlobalSection
	GlobalSection(ExtensibilityGlobals) = postSolution
		SolutionGuid = {A23C2EF3-8843-4397-999D-A8F3FB5B96E8}
	EndGlobalSection
EndGlobal
